
Microsoft Visual Studio Solution File, Format Version 12.00
# Visual Studio Version 17
VisualStudioVersion = 17.10.34928.147
MinimumVisualStudioVersion = 10.0.40219.1
Project("{FAE04EC0-301F-11D3-BF4B-00C04F79EFBC}") = "EjercicioUnaDimension", "EjercicioUnaDimension\EjercicioUnaDimension.csproj", "{CEB6B5CC-13C4-4BB5-B5E8-18C9D46292F1}"
EndProject
Global
	GlobalSection(SolutionConfigurationPlatforms) = preSolution
		Debug|Any CPU = Debug|Any CPU
		Release|Any CPU = Release|Any CPU
	EndGlobalSection
	GlobalSection(ProjectConfigurationPlatforms) = postSolution
		{CEB6B5CC-13C4-4BB5-B5E8-18C9D46292F1}.Debug|Any CPU.ActiveCfg = Debug|Any CPU
		{CEB6B5CC-13C4-4BB5-B5E8-18C9D46292F1}.Debug|Any CPU.Build.0 = Debug|Any CPU
		{CEB6B5CC-13C4-4BB5-B5E8-18C9D46292F1}.Release|Any CPU.ActiveCfg = Release|Any CPU
		{CEB6B5CC-13C4-4BB5-B5E8-18C9D46292F1}.Release|Any CPU.Build.0 = Release|Any CPU
	EndGlobalSection
	GlobalSection(SolutionProperties) = preSolution
		HideSolutionNode = FALSE
	EndGlobalSection
	GlobalSection(ExtensibilityGlobals) = postSolution
		SolutionGuid = {7D6EBE90-3C24-4204-A445-88107C65995E}
	EndGlobalSection
EndGlobal
